// !$*UTF8*$!
{
	archiveVersion = 1;
	classes = {
	};
	objectVersion = 46;
	objects = {

/* Begin PBXBuildFile section */
		5DDFC4A41B6D4BF10053CEBA /* AppDelegate.swift in Sources */ = {isa = PBXBuildFile; fileRef = 5DDFC4A31B6D4BF10053CEBA /* AppDelegate.swift */; };
		5DDFC4A71B6D4BF10053CEBA /* PhotoActiveIOS.xcdatamodeld in Sources */ = {isa = PBXBuildFile; fileRef = 5DDFC4A51B6D4BF10053CEBA /* PhotoActiveIOS.xcdatamodeld */; };
		5DDFC4A91B6D4BF10053CEBA /* ViewController.swift in Sources */ = {isa = PBXBuildFile; fileRef = 5DDFC4A81B6D4BF10053CEBA /* ViewController.swift */; };
		5DDFC4AC1B6D4BF10053CEBA /* Main.storyboard in Resources */ = {isa = PBXBuildFile; fileRef = 5DDFC4AA1B6D4BF10053CEBA /* Main.storyboard */; };
		5DDFC4AE1B6D4BF10053CEBA /* Images.xcassets in Resources */ = {isa = PBXBuildFile; fileRef = 5DDFC4AD1B6D4BF10053CEBA /* Images.xcassets */; };
		5DDFC4B11B6D4BF10053CEBA /* LaunchScreen.xib in Resources */ = {isa = PBXBuildFile; fileRef = 5DDFC4AF1B6D4BF10053CEBA /* LaunchScreen.xib */; };
		5DDFC4BD1B6D4BF10053CEBA /* PhotoActiveIOSTests.swift in Sources */ = {isa = PBXBuildFile; fileRef = 5DDFC4BC1B6D4BF10053CEBA /* PhotoActiveIOSTests.swift */; };
/* End PBXBuildFile section */

/* Begin PBXContainerItemProxy section */
		5DDFC4B71B6D4BF10053CEBA /* PBXContainerItemProxy */ = {
			isa = PBXContainerItemProxy;
			containerPortal = 5DDFC4961B6D4BF00053CEBA /* Project object */;
			proxyType = 1;
			remoteGlobalIDString = 5DDFC49D1B6D4BF00053CEBA;
			remoteInfo = PhotoActiveIOS;
		};
/* End PBXContainerItemProxy section */

/* Begin PBXFileReference section */
		5DDFC49E1B6D4BF00053CEBA /* PhotoActiveIOS.app */ = {isa = PBXFileReference; explicitFileType = wrapper.application; includeInIndex = 0; path = PhotoActiveIOS.app; sourceTree = BUILT_PRODUCTS_DIR; };
		5DDFC4A21B6D4BF10053CEBA /* Info.plist */ = {isa = PBXFileReference; lastKnownFileType = text.plist.xml; path = Info.plist; sourceTree = "<group>"; };
		5DDFC4A31B6D4BF10053CEBA /* AppDelegate.swift */ = {isa = PBXFileReference; lastKnownFileType = sourcecode.swift; path = AppDelegate.swift; sourceTree = "<group>"; };
		5DDFC4A61B6D4BF10053CEBA /* PhotoActiveIOS.xcdatamodel */ = {isa = PBXFileReference; lastKnownFileType = wrapper.xcdatamodel; path = PhotoActiveIOS.xcdatamodel; sourceTree = "<group>"; };
		5DDFC4A81B6D4BF10053CEBA /* ViewController.swift */ = {isa = PBXFileReference; lastKnownFileType = sourcecode.swift; path = ViewController.swift; sourceTree = "<group>"; };
		5DDFC4AB1B6D4BF10053CEBA /* Base */ = {isa = PBXFileReference; lastKnownFileType = file.storyboard; name = Base; path = Base.lproj/Main.storyboard; sourceTree = "<group>"; };
		5DDFC4AD1B6D4BF10053CEBA /* Images.xcassets */ = {isa = PBXFileReference; lastKnownFileType = folder.assetcatalog; path = Images.xcassets; sourceTree = "<group>"; };
		5DDFC4B01B6D4BF10053CEBA /* Base */ = {isa = PBXFileReference; lastKnownFileType = file.xib; name = Base; path = Base.lproj/LaunchScreen.xib; sourceTree = "<group>"; };
		5DDFC4B61B6D4BF10053CEBA /* PhotoActiveIOSTests.xctest */ = {isa = PBXFileReference; explicitFileType = wrapper.cfbundle; includeInIndex = 0; path = PhotoActiveIOSTests.xctest; sourceTree = BUILT_PRODUCTS_DIR; };
		5DDFC4BB1B6D4BF10053CEBA /* Info.plist */ = {isa = PBXFileReference; lastKnownFileType = text.plist.xml; path = Info.plist; sourceTree = "<group>"; };
		5DDFC4BC1B6D4BF10053CEBA /* PhotoActiveIOSTests.swift */ = {isa = PBXFileReference; lastKnownFileType = sourcecode.swift; path = PhotoActiveIOSTests.swift; sourceTree = "<group>"; };
/* End PBXFileReference section */

/* Begin PBXFrameworksBuildPhase section */
		5DDFC49B1B6D4BF00053CEBA /* Frameworks */ = {
			isa = PBXFrameworksBuildPhase;
			buildActionMask = 2147483647;
			files = (
			);
			runOnlyForDeploymentPostprocessing = 0;
		};
		5DDFC4B31B6D4BF10053CEBA /* Frameworks */ = {
			isa = PBXFrameworksBuildPhase;
			buildActionMask = 2147483647;
			files = (
			);
			runOnlyForDeploymentPostprocessing = 0;
		};
/* End PBXFrameworksBuildPhase section */

/* Begin PBXGroup section */
		5DDFC4951B6D4BF00053CEBA = {
			isa = PBXGroup;
			children = (
				5DDFC4A01B6D4BF00053CEBA /* PhotoActiveIOS */,
				5DDFC4B91B6D4BF10053CEBA /* PhotoActiveIOSTests */,
				5DDFC49F1B6D4BF00053CEBA /* Products */,
			);
			sourceTree = "<group>";
		};
		5DDFC49F1B6D4BF00053CEBA /* Products */ = {
			isa = PBXGroup;
			children = (
				5DDFC49E1B6D4BF00053CEBA /* PhotoActiveIOS.app */,
				5DDFC4B61B6D4BF10053CEBA /* PhotoActiveIOSTests.xctest */,
			);
			name = Products;
			sourceTree = "<group>";
		};
		5DDFC4A01B6D4BF00053CEBA /* PhotoActiveIOS */ = {
			isa = PBXGroup;
			children = (
				5DDFC4A31B6D4BF10053CEBA /* AppDelegate.swift */,
				5DDFC4A81B6D4BF10053CEBA /* ViewController.swift */,
				5DDFC4AA1B6D4BF10053CEBA /* Main.storyboard */,
				5DDFC4AD1B6D4BF10053CEBA /* Images.xcassets */,
				5DDFC4AF1B6D4BF10053CEBA /* LaunchScreen.xib */,
				5DDFC4A51B6D4BF10053CEBA /* PhotoActiveIOS.xcdatamodeld */,
				5DDFC4A11B6D4BF00053CEBA /* Supporting Files */,
			);
			path = PhotoActiveIOS;
			sourceTree = "<group>";
		};
		5DDFC4A11B6D4BF00053CEBA /* Supporting Files */ = {
			isa = PBXGroup;
			children = (
				5DDFC4A21B6D4BF10053CEBA /* Info.plist */,
			);
			name = "Supporting Files";
			sourceTree = "<group>";
		};
		5DDFC4B91B6D4BF10053CEBA /* PhotoActiveIOSTests */ = {
			isa = PBXGroup;
			children = (
				5DDFC4BC1B6D4BF10053CEBA /* PhotoActiveIOSTests.swift */,
				5DDFC4BA1B6D4BF10053CEBA /* Supporting Files */,
			);
			path = PhotoActiveIOSTests;
			sourceTree = "<group>";
		};
		5DDFC4BA1B6D4BF10053CEBA /* Supporting Files */ = {
			isa = PBXGroup;
			children = (
				5DDFC4BB1B6D4BF10053CEBA /* Info.plist */,
			);
			name = "Supporting Files";
			sourceTree = "<group>";
		};
/* End PBXGroup section */

/* Begin PBXNativeTarget section */
		5DDFC49D1B6D4BF00053CEBA /* PhotoActiveIOS */ = {
			isa = PBXNativeTarget;
			buildConfigurationList = 5DDFC4C01B6D4BF10053CEBA /* Build configuration list for PBXNativeTarget "PhotoActiveIOS" */;
			buildPhases = (
				5DDFC49A1B6D4BF00053CEBA /* Sources */,
				5DDFC49B1B6D4BF00053CEBA /* Frameworks */,
				5DDFC49C1B6D4BF00053CEBA /* Resources */,
			);
			buildRules = (
			);
			dependencies = (
			);
			name = PhotoActiveIOS;
			productName = PhotoActiveIOS;
			productReference = 5DDFC49E1B6D4BF00053CEBA /* PhotoActiveIOS.app */;
			productType = "com.apple.product-type.application";
		};
		5DDFC4B51B6D4BF10053CEBA /* PhotoActiveIOSTests */ = {
			isa = PBXNativeTarget;
			buildConfigurationList = 5DDFC4C31B6D4BF10053CEBA /* Build configuration list for PBXNativeTarget "PhotoActiveIOSTests" */;
			buildPhases = (
				5DDFC4B21B6D4BF10053CEBA /* Sources */,
				5DDFC4B31B6D4BF10053CEBA /* Frameworks */,
				5DDFC4B41B6D4BF10053CEBA /* Resources */,
			);
			buildRules = (
			);
			dependencies = (
				5DDFC4B81B6D4BF10053CEBA /* PBXTargetDependency */,
			);
			name = PhotoActiveIOSTests;
			productName = PhotoActiveIOSTests;
			productReference = 5DDFC4B61B6D4BF10053CEBA /* PhotoActiveIOSTests.xctest */;
			productType = "com.apple.product-type.bundle.unit-test";
		};
/* End PBXNativeTarget section */

/* Begin PBXProject section */
		5DDFC4961B6D4BF00053CEBA /* Project object */ = {
			isa = PBXProject;
			attributes = {
				LastUpgradeCheck = 0640;
				ORGANIZATIONNAME = "Aware Games";
				TargetAttributes = {
					5DDFC49D1B6D4BF00053CEBA = {
						CreatedOnToolsVersion = 6.4;
					};
					5DDFC4B51B6D4BF10053CEBA = {
						CreatedOnToolsVersion = 6.4;
						TestTargetID = 5DDFC49D1B6D4BF00053CEBA;
					};
				};
			};
			buildConfigurationList = 5DDFC4991B6D4BF00053CEBA /* Build configuration list for PBXProject "PhotoActiveIOS" */;
			compatibilityVersion = "Xcode 3.2";
			developmentRegion = English;
			hasScannedForEncodings = 0;
			knownRegions = (
				en,
				Base,
			);
			mainGroup = 5DDFC4951B6D4BF00053CEBA;
			productRefGroup = 5DDFC49F1B6D4BF00053CEBA /* Products */;
			projectDirPath = "";
			projectRoot = "";
			targets = (
				5DDFC49D1B6D4BF00053CEBA /* PhotoActiveIOS */,
				5DDFC4B51B6D4BF10053CEBA /* PhotoActiveIOSTests */,
			);
		};
/* End PBXProject section */

/* Begin PBXResourcesBuildPhase section */
		5DDFC49C1B6D4BF00053CEBA /* Resources */ = {
			isa = PBXResourcesBuildPhase;
			buildActionMask = 2147483647;
			files = (
				5DDFC4AC1B6D4BF10053CEBA /* Main.storyboard in Resources */,
				5DDFC4B11B6D4BF10053CEBA /* LaunchScreen.xib in Resources */,
				5DDFC4AE1B6D4BF10053CEBA /* Images.xcassets in Resources */,
			);
			runOnlyForDeploymentPostprocessing = 0;
		};
		5DDFC4B41B6D4BF10053CEBA /* Resources */ = {
			isa = PBXResourcesBuildPhase;
			buildActionMask = 2147483647;
			files = (
			);
			runOnlyForDeploymentPostprocessing = 0;
		};
/* End PBXResourcesBuildPhase section */

/* Begin PBXSourcesBuildPhase section */
		5DDFC49A1B6D4BF00053CEBA /* Sources */ = {
			isa = PBXSourcesBuildPhase;
			buildActionMask = 2147483647;
			files = (
				5DDFC4A91B6D4BF10053CEBA /* ViewController.swift in Sources */,
				5DDFC4A71B6D4BF10053CEBA /* PhotoActiveIOS.xcdatamodeld in Sources */,
				5DDFC4A41B6D4BF10053CEBA /* AppDelegate.swift in Sources */,
			);
			runOnlyForDeploymentPostprocessing = 0;
		};
		5DDFC4B21B6D4BF10053CEBA /* Sources */ = {
			isa = PBXSourcesBuildPhase;
			buildActionMask = 2147483647;
			files = (
				5DDFC4BD1B6D4BF10053CEBA /* PhotoActiveIOSTests.swift in Sources */,
			);
			runOnlyForDeploymentPostprocessing = 0;
		};
/* End PBXSourcesBuildPhase section */

/* Begin PBXTargetDependency section */
		5DDFC4B81B6D4BF10053CEBA /* PBXTargetDependency */ = {
			isa = PBXTargetDependency;
			target = 5DDFC49D1B6D4BF00053CEBA /* PhotoActiveIOS */;
			targetProxy = 5DDFC4B71B6D4BF10053CEBA /* PBXContainerItemProxy */;
		};
/* End PBXTargetDependency section */

/* Begin PBXVariantGroup section */
		5DDFC4AA1B6D4BF10053CEBA /* Main.storyboard */ = {
			isa = PBXVariantGroup;
			children = (
				5DDFC4AB1B6D4BF10053CEBA /* Base */,
			);
			name = Main.storyboard;
			sourceTree = "<group>";
		};
		5DDFC4AF1B6D4BF10053CEBA /* LaunchScreen.xib */ = {
			isa = PBXVariantGroup;
			children = (
				5DDFC4B01B6D4BF10053CEBA /* Base */,
			);
			name = LaunchScreen.xib;
			sourceTree = "<group>";
		};
/* End PBXVariantGroup section */

/* Begin XCBuildConfiguration section */
		5DDFC4BE1B6D4BF10053CEBA /* Debug */ = {
			isa = XCBuildConfiguration;
			buildSettings = {
				ALWAYS_SEARCH_USER_PATHS = NO;
				CLANG_CXX_LANGUAGE_STANDARD = "gnu++0x";
				CLANG_CXX_LIBRARY = "libc++";
				CLANG_ENABLE_MODULES = YES;
				CLANG_ENABLE_OBJC_ARC = YES;
				CLANG_WARN_BOOL_CONVERSION = YES;
				CLANG_WARN_CONSTANT_CONVERSION = YES;
				CLANG_WARN_DIRECT_OBJC_ISA_USAGE = YES_ERROR;
				CLANG_WARN_EMPTY_BODY = YES;
				CLANG_WARN_ENUM_CONVERSION = YES;
				CLANG_WARN_INT_CONVERSION = YES;
				CLANG_WARN_OBJC_ROOT_CLASS = YES_ERROR;
				CLANG_WARN_UNREACHABLE_CODE = YES;
				CLANG_WARN__DUPLICATE_METHOD_MATCH = YES;
				"CODE_SIGN_IDENTITY[sdk=iphoneos*]" = "iPhone Developer";
				COPY_PHASE_STRIP = NO;
				DEBUG_INFORMATION_FORMAT = "dwarf-with-dsym";
				ENABLE_STRICT_OBJC_MSGSEND = YES;
				GCC_C_LANGUAGE_STANDARD = gnu99;
				GCC_DYNAMIC_NO_PIC = NO;
				GCC_NO_COMMON_BLOCKS = YES;
				GCC_OPTIMIZATION_LEVEL = 0;
				GCC_PREPROCESSOR_DEFINITIONS = (
					"DEBUG=1",
					"$(inherited)",
				);
				GCC_SYMBOLS_PRIVATE_EXTERN = NO;
				GCC_WARN_64_TO_32_BIT_CONVERSION = YES;
				GCC_WARN_ABOUT_RETURN_TYPE = YES_ERROR;
				GCC_WARN_UNDECLARED_SELECTOR = YES;
				GCC_WARN_UNINITIALIZED_AUTOS = YES_AGGRESSIVE;
				GCC_WARN_UNUSED_FUNCTION = YES;
				GCC_WARN_UNUSED_VARIABLE = YES;
				IPHONEOS_DEPLOYMENT_TARGET = 8.4;
				MTL_ENABLE_DEBUG_INFO = YES;
				ONLY_ACTIVE_ARCH = YES;
				SDKROOT = iphoneos;
				SWIFT_OPTIMIZATION_LEVEL = "-Onone";
				TARGETED_DEVICE_FAMILY = "1,2";
			};
			name = Debug;
		};
		5DDFC4BF1B6D4BF10053CEBA /* Release */ = {
			isa = XCBuildConfiguration;
			buildSettings = {
				ALWAYS_SEARCH_USER_PATHS = NO;
				CLANG_CXX_LANGUAGE_STANDARD = "gnu++0x";
				CLANG_CXX_LIBRARY = "libc++";
				CLANG_ENABLE_MODULES = YES;
				CLANG_ENABLE_OBJC_ARC = YES;
				CLANG_WARN_BOOL_CONVERSION = YES;
				CLANG_WARN_CONSTANT_CONVERSION = YES;
				CLANG_WARN_DIRECT_OBJC_ISA_USAGE = YES_ERROR;
				CLANG_WARN_EMPTY_BODY = YES;
				CLANG_WARN_ENUM_CONVERSION = YES;
				CLANG_WARN_INT_CONVERSION = YES;
				CLANG_WARN_OBJC_ROOT_CLASS = YES_ERROR;
				CLANG_WARN_UNREACHABLE_CODE = YES;
				CLANG_WARN__DUPLICATE_METHOD_MATCH = YES;
				"CODE_SIGN_IDENTITY[sdk=iphoneos*]" = "iPhone Developer";
				COPY_PHASE_STRIP = NO;
				DEBUG_INFORMATION_FORMAT = "dwarf-with-dsym";
				ENABLE_NS_ASSERTIONS = NO;
				ENABLE_STRICT_OBJC_MSGSEND = YES;
				GCC_C_LANGUAGE_STANDARD = gnu99;
				GCC_NO_COMMON_BLOCKS = YES;
				GCC_WARN_64_TO_32_BIT_CONVERSION = YES;
				GCC_WARN_ABOUT_RETURN_TYPE = YES_ERROR;
				GCC_WARN_UNDECLARED_SELECTOR = YES;
				GCC_WARN_UNINITIALIZED_AUTOS = YES_AGGRESSIVE;
				GCC_WARN_UNUSED_FUNCTION = YES;
				GCC_WARN_UNUSED_VARIABLE = YES;
				IPHONEOS_DEPLOYMENT_TARGET = 8.4;
				MTL_ENABLE_DEBUG_INFO = NO;
				SDKROOT = iphoneos;
				TARGETED_DEVICE_FAMILY = "1,2";
				VALIDATE_PRODUCT = YES;
			};
			name = Release;
		};
		5DDFC4C11B6D4BF10053CEBA /* Debug */ = {
			isa = XCBuildConfiguration;
			buildSettings = {
				ASSETCATALOG_COMPILER_APPICON_NAME = AppIcon;
				INFOPLIST_FILE = PhotoActiveIOS/Info.plist;
				LD_RUNPATH_SEARCH_PATHS = "$(inherited) @executable_path/Frameworks";
				PRODUCT_NAME = "$(TARGET_NAME)";
			};
			name = Debug;
		};
		5DDFC4C21B6D4BF10053CEBA /* Release */ = {
			isa = XCBuildConfiguration;
			buildSettings = {
				ASSETCATALOG_COMPILER_APPICON_NAME = AppIcon;
				INFOPLIST_FILE = PhotoActiveIOS/Info.plist;
				LD_RUNPATH_SEARCH_PATHS = "$(inherited) @executable_path/Frameworks";
				PRODUCT_NAME = "$(TARGET_NAME)";
			};
			name = Release;
		};
		5DDFC4C41B6D4BF10053CEBA /* Debug */ = {
			isa = XCBuildConfiguration;
			buildSettings = {
				BUNDLE_LOADER = "$(TEST_HOST)";
				FRAMEWORK_SEARCH_PATHS = (
					"$(SDKROOT)/Developer/Library/Frameworks",
					"$(inherited)",
				);
				GCC_PREPROCESSOR_DEFINITIONS = (
					"DEBUG=1",
					"$(inherited)",
				);
				INFOPLIST_FILE = PhotoActiveIOSTests/Info.plist;
				LD_RUNPATH_SEARCH_PATHS = "$(inherited) @executable_path/Frameworks @loader_path/Frameworks";
				PRODUCT_NAME = "$(TARGET_NAME)";
				TEST_HOST = "$(BUILT_PRODUCTS_DIR)/PhotoActiveIOS.app/PhotoActiveIOS";
			};
			name = Debug;
		};
		5DDFC4C51B6D4BF10053CEBA /* Release */ = {
			isa = XCBuildConfiguration;
			buildSettings = {
				BUNDLE_LOADER = "$(TEST_HOST)";
				FRAMEWORK_SEARCH_PATHS = (
					"$(SDKROOT)/Developer/Library/Frameworks",
					"$(inherited)",
				);
				INFOPLIST_FILE = PhotoActiveIOSTests/Info.plist;
				LD_RUNPATH_SEARCH_PATHS = "$(inherited) @executable_path/Frameworks @loader_path/Frameworks";
				PRODUCT_NAME = "$(TARGET_NAME)";
				TEST_HOST = "$(BUILT_PRODUCTS_DIR)/PhotoActiveIOS.app/PhotoActiveIOS";
			};
			name = Release;
		};
/* End XCBuildConfiguration section */

/* Begin XCConfigurationList section */
		5DDFC4991B6D4BF00053CEBA /* Build configuration list for PBXProject "PhotoActiveIOS" */ = {
			isa = XCConfigurationList;
			buildConfigurations = (
				5DDFC4BE1B6D4BF10053CEBA /* Debug */,
				5DDFC4BF1B6D4BF10053CEBA /* Release */,
			);
			defaultConfigurationIsVisible = 0;
			defaultConfigurationName = Release;
		};
		5DDFC4C01B6D4BF10053CEBA /* Build configuration list for PBXNativeTarget "PhotoActiveIOS" */ = {
			isa = XCConfigurationList;
			buildConfigurations = (
				5DDFC4C11B6D4BF10053CEBA /* Debug */,
				5DDFC4C21B6D4BF10053CEBA /* Release */,
			);
			defaultConfigurationIsVisible = 0;
		};
		5DDFC4C31B6D4BF10053CEBA /* Build configuration list for PBXNativeTarget "PhotoActiveIOSTests" */ = {
			isa = XCConfigurationList;
			buildConfigurations = (
				5DDFC4C41B6D4BF10053CEBA /* Debug */,
				5DDFC4C51B6D4BF10053CEBA /* Release */,
			);
			defaultConfigurationIsVisible = 0;
		};
/* End XCConfigurationList section */

/* Begin XCVersionGroup section */
		5DDFC4A51B6D4BF10053CEBA /* PhotoActiveIOS.xcdatamodeld */ = {
			isa = XCVersionGroup;
			children = (
				5DDFC4A61B6D4BF10053CEBA /* PhotoActiveIOS.xcdatamodel */,
			);
			currentVersion = 5DDFC4A61B6D4BF10053CEBA /* PhotoActiveIOS.xcdatamodel */;
			path = PhotoActiveIOS.xcdatamodeld;
			sourceTree = "<group>";
			versionGroupType = wrapper.xcdatamodel;
		};
/* End XCVersionGroup section */
	};
	rootObject = 5DDFC4961B6D4BF00053CEBA /* Project object */;
}
